
Microsoft Visual Studio Solution File, Format Version 12.00
# Visual Studio Version 17
VisualStudioVersion = 17.3.32929.385
MinimumVisualStudioVersion = 10.0.40219.1
Project("{FAE04EC0-301F-11D3-BF4B-00C04F79EFBC}") = "OOP1", "OOP1\OOP1.csproj", "{BF82A126-559F-4D10-8A9D-87CE36AD5576}"
EndProject
Project("{FAE04EC0-301F-11D3-BF4B-00C04F79EFBC}") = "Koleksiyonlar", "Koleksiyonlar\Koleksiyonlar.csproj", "{98C4761B-815D-4C5B-ABFA-986313028519}"
EndProject
Project("{FAE04EC0-301F-11D3-BF4B-00C04F79EFBC}") = "Genericsİntro", "Genericsİntro\Genericsİntro.csproj", "{926571AB-DBC8-415F-9939-0954C86E73B9}"
EndProject
Global
	GlobalSection(SolutionConfigurationPlatforms) = preSolution
		Debug|Any CPU = Debug|Any CPU
		Release|Any CPU = Release|Any CPU
	EndGlobalSection
	GlobalSection(ProjectConfigurationPlatforms) = postSolution
		{BF82A126-559F-4D10-8A9D-87CE36AD5576}.Debug|Any CPU.ActiveCfg = Debug|Any CPU
		{BF82A126-559F-4D10-8A9D-87CE36AD5576}.Debug|Any CPU.Build.0 = Debug|Any CPU
		{BF82A126-559F-4D10-8A9D-87CE36AD5576}.Release|Any CPU.ActiveCfg = Release|Any CPU
		{BF82A126-559F-4D10-8A9D-87CE36AD5576}.Release|Any CPU.Build.0 = Release|Any CPU
		{98C4761B-815D-4C5B-ABFA-986313028519}.Debug|Any CPU.ActiveCfg = Debug|Any CPU
		{98C4761B-815D-4C5B-ABFA-986313028519}.Debug|Any CPU.Build.0 = Debug|Any CPU
		{98C4761B-815D-4C5B-ABFA-986313028519}.Release|Any CPU.ActiveCfg = Release|Any CPU
		{98C4761B-815D-4C5B-ABFA-986313028519}.Release|Any CPU.Build.0 = Release|Any CPU
		{926571AB-DBC8-415F-9939-0954C86E73B9}.Debug|Any CPU.ActiveCfg = Debug|Any CPU
		{926571AB-DBC8-415F-9939-0954C86E73B9}.Debug|Any CPU.Build.0 = Debug|Any CPU
		{926571AB-DBC8-415F-9939-0954C86E73B9}.Release|Any CPU.ActiveCfg = Release|Any CPU
		{926571AB-DBC8-415F-9939-0954C86E73B9}.Release|Any CPU.Build.0 = Release|Any CPU
	EndGlobalSection
	GlobalSection(SolutionProperties) = preSolution
		HideSolutionNode = FALSE
	EndGlobalSection
	GlobalSection(ExtensibilityGlobals) = postSolution
		SolutionGuid = {ADEA9621-92F4-47D8-9879-6244E083FC6C}
	EndGlobalSection
EndGlobal
